
Microsoft Visual Studio Solution File, Format Version 12.00
# Visual Studio Version 16
VisualStudioVersion = 16.0.30104.148
MinimumVisualStudioVersion = 10.0.40219.1
Project("{FAE04EC0-301F-11D3-BF4B-00C04F79EFBC}") = "камъкножицахартия", "камъкножицахартия\камъкножицахартия.csproj", "{B18C6CBB-3C99-4982-8119-D15A3B331200}"
EndProject
Global
	GlobalSection(SolutionConfigurationPlatforms) = preSolution
		Debug|Any CPU = Debug|Any CPU
		Release|Any CPU = Release|Any CPU
	EndGlobalSection
	GlobalSection(ProjectConfigurationPlatforms) = postSolution
		{B18C6CBB-3C99-4982-8119-D15A3B331200}.Debug|Any CPU.ActiveCfg = Debug|Any CPU
		{B18C6CBB-3C99-4982-8119-D15A3B331200}.Debug|Any CPU.Build.0 = Debug|Any CPU
		{B18C6CBB-3C99-4982-8119-D15A3B331200}.Release|Any CPU.ActiveCfg = Release|Any CPU
		{B18C6CBB-3C99-4982-8119-D15A3B331200}.Release|Any CPU.Build.0 = Release|Any CPU
	EndGlobalSection
	GlobalSection(SolutionProperties) = preSolution
		HideSolutionNode = FALSE
	EndGlobalSection
	GlobalSection(ExtensibilityGlobals) = postSolution
		SolutionGuid = {7404C6D6-AF0D-45F5-9602-3391F88DDCCE}
	EndGlobalSection
EndGlobal
